
Microsoft Visual Studio Solution File, Format Version 12.00
# Visual Studio 15
VisualStudioVersion = 15.0.28010.2019
MinimumVisualStudioVersion = 10.0.40219.1
Project("{FAE04EC0-301F-11D3-BF4B-00C04F79EFBC}") = "Capstone_Project", "Capstone_Project\Capstone_Project.csproj", "{13A96C50-6DF9-4252-A6A1-2BF0C02ED53B}"
EndProject
Global
	GlobalSection(SolutionConfigurationPlatforms) = preSolution
		Debug|Any CPU = Debug|Any CPU
		Release|Any CPU = Release|Any CPU
	EndGlobalSection
	GlobalSection(ProjectConfigurationPlatforms) = postSolution
		{13A96C50-6DF9-4252-A6A1-2BF0C02ED53B}.Debug|Any CPU.ActiveCfg = Debug|Any CPU
		{13A96C50-6DF9-4252-A6A1-2BF0C02ED53B}.Debug|Any CPU.Build.0 = Debug|Any CPU
		{13A96C50-6DF9-4252-A6A1-2BF0C02ED53B}.Release|Any CPU.ActiveCfg = Release|Any CPU
		{13A96C50-6DF9-4252-A6A1-2BF0C02ED53B}.Release|Any CPU.Build.0 = Release|Any CPU
	EndGlobalSection
	GlobalSection(SolutionProperties) = preSolution
		HideSolutionNode = FALSE
	EndGlobalSection
	GlobalSection(ExtensibilityGlobals) = postSolution
		SolutionGuid = {EE2F5988-37BF-47CA-879C-73413D7B5183}
	EndGlobalSection
EndGlobal
